
Microsoft Visual Studio Solution File, Format Version 12.00
# Visual Studio Version 17
VisualStudioVersion = 17.11.35222.181
MinimumVisualStudioVersion = 10.0.40219.1
Project("{FAE04EC0-301F-11D3-BF4B-00C04F79EFBC}") = "EmployeeManagementSystem", "EmployeeManagementSystem.csproj", "{A362E16D-F5B7-441D-9B32-EF9099FA8536}"
EndProject
Global
	GlobalSection(SolutionConfigurationPlatforms) = preSolution
		Debug|Any CPU = Debug|Any CPU
		Release|Any CPU = Release|Any CPU
	EndGlobalSection
	GlobalSection(ProjectConfigurationPlatforms) = postSolution
		{A362E16D-F5B7-441D-9B32-EF9099FA8536}.Debug|Any CPU.ActiveCfg = Debug|Any CPU
		{A362E16D-F5B7-441D-9B32-EF9099FA8536}.Debug|Any CPU.Build.0 = Debug|Any CPU
		{A362E16D-F5B7-441D-9B32-EF9099FA8536}.Release|Any CPU.ActiveCfg = Release|Any CPU
		{A362E16D-F5B7-441D-9B32-EF9099FA8536}.Release|Any CPU.Build.0 = Release|Any CPU
	EndGlobalSection
	GlobalSection(SolutionProperties) = preSolution
		HideSolutionNode = FALSE
	EndGlobalSection
	GlobalSection(ExtensibilityGlobals) = postSolution
		SolutionGuid = {74AEBFB8-CA28-4A2C-96AC-E12694365A88}
	EndGlobalSection
EndGlobal
